
Microsoft Visual Studio Solution File, Format Version 12.00
# Visual Studio 15
VisualStudioVersion = 15.0.28307.1082
MinimumVisualStudioVersion = 10.0.40219.1
Project("{2150E333-8FDC-42A3-9474-1A3956D46DE8}") = "User Interface", "User Interface", "{A02A55D3-F467-4EE0-B335-65D33260D894}"
EndProject
Project("{2150E333-8FDC-42A3-9474-1A3956D46DE8}") = "Domain", "Domain", "{5217A9DC-F67A-4014-898C-39D763B34FDF}"
EndProject
Project("{2150E333-8FDC-42A3-9474-1A3956D46DE8}") = "Infrastructure", "Infrastructure", "{6EA4602C-A655-4975-947B-39FEBACF8232}"
EndProject
Project("{2150E333-8FDC-42A3-9474-1A3956D46DE8}") = "Service Interfaces", "Service Interfaces", "{480178D8-3DB4-444A-A352-FE95D15377DF}"
EndProject
Project("{2150E333-8FDC-42A3-9474-1A3956D46DE8}") = "Services", "Services", "{F627DAF4-01DA-4826-862C-93F1BC50780E}"
EndProject
Project("{2150E333-8FDC-42A3-9474-1A3956D46DE8}") = "Admin", "Admin", "{5DAB6C76-48ED-4644-B149-A8614B6F2ACD}"
EndProject
Project("{2150E333-8FDC-42A3-9474-1A3956D46DE8}") = "Employee", "Employee", "{86F38320-EAE1-4FEF-9D3A-38F9E16816D4}"
EndProject
Project("{2150E333-8FDC-42A3-9474-1A3956D46DE8}") = "Candidate", "Candidate", "{C813D19E-9A61-4973-A3EE-7D1D0B5A20D9}"
EndProject
Project("{2150E333-8FDC-42A3-9474-1A3956D46DE8}") = "Admin", "Admin", "{D6978AAA-EA69-4974-9AFE-98F16D2494B9}"
EndProject
Project("{2150E333-8FDC-42A3-9474-1A3956D46DE8}") = "Employee", "Employee", "{115C69CC-E775-4C23-AF94-A42E423E3D60}"
EndProject
Project("{2150E333-8FDC-42A3-9474-1A3956D46DE8}") = "Candidate", "Candidate", "{3F10F703-ACDD-4956-8FDD-546911377AE0}"
EndProject
Project("{2150E333-8FDC-42A3-9474-1A3956D46DE8}") = "Admin", "Admin", "{07BC71B8-608B-45D8-9C06-92D9E6168060}"
EndProject
Project("{2150E333-8FDC-42A3-9474-1A3956D46DE8}") = "Employee", "Employee", "{519BC30E-DDCC-430C-9881-7399ACE35766}"
EndProject
Project("{2150E333-8FDC-42A3-9474-1A3956D46DE8}") = "Candidate", "Candidate", "{899FFC55-901D-4AAF-9D4A-1EE61A20065B}"
EndProject
Project("{2150E333-8FDC-42A3-9474-1A3956D46DE8}") = "Admin", "Admin", "{B1B4DD1A-2BC5-4D9C-AC41-565085FE702A}"
EndProject
Project("{2150E333-8FDC-42A3-9474-1A3956D46DE8}") = "Candidate", "Candidate", "{3A5F0D12-D5AF-4DAB-9847-A853E4C5A8D1}"
EndProject
Project("{2150E333-8FDC-42A3-9474-1A3956D46DE8}") = "Employee", "Employee", "{8EE1C84E-636B-4396-B9F8-B2B3BEE7BC9B}"
EndProject
Project("{9A19103F-16F7-4668-BE54-9A1E7A4F7556}") = "JobRecrutmentApi", "JobRecrutmentApi\JobRecrutmentApi.csproj", "{51D2CDE2-EB49-4EE3-8115-A14873412F7F}"
EndProject
Project("{9A19103F-16F7-4668-BE54-9A1E7A4F7556}") = "Admin.Domain.Entities", "Admin.Domain.Entities\Admin.Domain.Entities.csproj", "{9ADC9416-2678-478E-956D-4DBD62AB2E1C}"
EndProject
Project("{9A19103F-16F7-4668-BE54-9A1E7A4F7556}") = "Admin.Domain.Interfaces", "Admin.Domain.Interfaces\Admin.Domain.Interfaces.csproj", "{687B6340-5C8C-4483-B03D-68559E28E775}"
EndProject
Project("{9A19103F-16F7-4668-BE54-9A1E7A4F7556}") = "Candidate.Domain.Entities", "Candidate.Domain.Entities\Candidate.Domain.Entities.csproj", "{FC80B132-4C85-47B3-8EA9-2979AB30813D}"
EndProject
Project("{9A19103F-16F7-4668-BE54-9A1E7A4F7556}") = "Candidate.Domain.Interfaces", "Candidate.Domain.Interfaces\Candidate.Domain.Interfaces.csproj", "{727C5A3B-8A97-42DA-89A4-C1630FE972B2}"
EndProject
Project("{9A19103F-16F7-4668-BE54-9A1E7A4F7556}") = "Employee.Domain.Entities", "Employee.Domain.Entities\Employee.Domain.Entities.csproj", "{693A8AC2-1A60-4265-AD84-612C9318DBC2}"
EndProject
Project("{9A19103F-16F7-4668-BE54-9A1E7A4F7556}") = "Employee.Domain.Interfaces", "Employee.Domain.Interfaces\Employee.Domain.Interfaces.csproj", "{58F49943-5FDE-4614-9D08-6E9DA4132AB2}"
EndProject
Project("{9A19103F-16F7-4668-BE54-9A1E7A4F7556}") = "Admin.Infrastructure.Data", "Admin.Infrastructure.Data\Admin.Infrastructure.Data.csproj", "{A47FEB05-4A1B-409F-AABB-1F0F6C564822}"
EndProject
Project("{9A19103F-16F7-4668-BE54-9A1E7A4F7556}") = "Candidate.Infrastructure.Data", "Candidate.Infrastructure.Data\Candidate.Infrastructure.Data.csproj", "{6C30FF0E-F054-4C93-BBF7-468EFD082B4F}"
EndProject
Project("{9A19103F-16F7-4668-BE54-9A1E7A4F7556}") = "Employee.Infrastructure.Data", "Employee.Infrastructure.Data\Employee.Infrastructure.Data.csproj", "{F327C42D-E8CF-4C30-B41B-0C0C1B3891BF}"
EndProject
Project("{9A19103F-16F7-4668-BE54-9A1E7A4F7556}") = "Admin.Services.Interfaces", "Admin.Services.Interfaces\Admin.Services.Interfaces.csproj", "{9D51E585-1E27-4F03-98E7-2953FA106521}"
EndProject
Project("{9A19103F-16F7-4668-BE54-9A1E7A4F7556}") = "Candidate.Services.Interfaces", "Candidate.Services.Interfaces\Candidate.Services.Interfaces.csproj", "{93311EA1-BD8F-42E5-AEF7-C06C08A4286E}"
EndProject
Project("{9A19103F-16F7-4668-BE54-9A1E7A4F7556}") = "Employee.Services.Interfaces", "Employee.Services.Interfaces\Employee.Services.Interfaces.csproj", "{C97E4832-1BE6-441F-9C7A-E3A92F7238E2}"
EndProject
Project("{9A19103F-16F7-4668-BE54-9A1E7A4F7556}") = "Admin.Services", "Admin.Services\Admin.Services.csproj", "{10FFF5CF-0173-4DC6-8CF8-893FC47F21C2}"
EndProject
Project("{9A19103F-16F7-4668-BE54-9A1E7A4F7556}") = "Candidate.Services", "Candidate.Services\Candidate.Services.csproj", "{966CEA85-BDF3-48F1-B603-8C132B059ADE}"
EndProject
Project("{9A19103F-16F7-4668-BE54-9A1E7A4F7556}") = "Employee.Services", "Employee.Services\Employee.Services.csproj", "{C0D35E06-DF7C-485D-A15A-167427F0E0B4}"
EndProject
Project("{9A19103F-16F7-4668-BE54-9A1E7A4F7556}") = "Job.Context", "Job.Context\Job.Context.csproj", "{862FF0CA-03A5-43B6-A1AC-E82658DF6C10}"
EndProject
Project("{2150E333-8FDC-42A3-9474-1A3956D46DE8}") = "Common", "Common", "{01CB83F0-6FDB-4816-AE79-26FF613A9EF9}"
EndProject
Project("{2150E333-8FDC-42A3-9474-1A3956D46DE8}") = "Common", "Common", "{2A7E07A4-3AAC-4679-8F7E-EF72A4DEEEEF}"
EndProject
Project("{2150E333-8FDC-42A3-9474-1A3956D46DE8}") = "Common", "Common", "{7FE9FDB9-D4D0-445E-8890-90EF07714566}"
EndProject
Project("{2150E333-8FDC-42A3-9474-1A3956D46DE8}") = "Common", "Common", "{5C68C884-CB94-499B-AB9F-59C7DABC0343}"
EndProject
Project("{FAE04EC0-301F-11D3-BF4B-00C04F79EFBC}") = "Common.Domain.Entities", "Common.Domain.Entities\Common.Domain.Entities.csproj", "{9CD2F8D0-3CEC-4468-A437-5BC896C2FF39}"
EndProject
Project("{FAE04EC0-301F-11D3-BF4B-00C04F79EFBC}") = "Common.Domain.Interfaces", "Common.Domain.Interfaces\Common.Domain.Interfaces.csproj", "{D4F4BBA5-CFF2-4AA4-B644-D650A21BF288}"
EndProject
Project("{FAE04EC0-301F-11D3-BF4B-00C04F79EFBC}") = "Common.Infrastructure.Data", "Common.Infrastructure.Data\Common.Infrastructure.Data.csproj", "{B4CBA012-FC53-44D8-9679-5FD4A211104C}"
EndProject
Project("{FAE04EC0-301F-11D3-BF4B-00C04F79EFBC}") = "Common.Services.Interfaces", "Common.Services.Interfaces\Common.Services.Interfaces.csproj", "{D8F46BC5-9EEC-4F70-A710-B546C4983D27}"
EndProject
Project("{FAE04EC0-301F-11D3-BF4B-00C04F79EFBC}") = "Common.Services", "Common.Services\Common.Services.csproj", "{43B141B7-C120-4AF2-89C1-3BBC1B905610}"
EndProject
Global
	GlobalSection(SolutionConfigurationPlatforms) = preSolution
		Debug|Any CPU = Debug|Any CPU
		Release|Any CPU = Release|Any CPU
	EndGlobalSection
	GlobalSection(ProjectConfigurationPlatforms) = postSolution
		{51D2CDE2-EB49-4EE3-8115-A14873412F7F}.Debug|Any CPU.ActiveCfg = Debug|Any CPU
		{51D2CDE2-EB49-4EE3-8115-A14873412F7F}.Debug|Any CPU.Build.0 = Debug|Any CPU
		{51D2CDE2-EB49-4EE3-8115-A14873412F7F}.Release|Any CPU.ActiveCfg = Release|Any CPU
		{51D2CDE2-EB49-4EE3-8115-A14873412F7F}.Release|Any CPU.Build.0 = Release|Any CPU
		{9ADC9416-2678-478E-956D-4DBD62AB2E1C}.Debug|Any CPU.ActiveCfg = Debug|Any CPU
		{9ADC9416-2678-478E-956D-4DBD62AB2E1C}.Debug|Any CPU.Build.0 = Debug|Any CPU
		{9ADC9416-2678-478E-956D-4DBD62AB2E1C}.Release|Any CPU.ActiveCfg = Release|Any CPU
		{9ADC9416-2678-478E-956D-4DBD62AB2E1C}.Release|Any CPU.Build.0 = Release|Any CPU
		{687B6340-5C8C-4483-B03D-68559E28E775}.Debug|Any CPU.ActiveCfg = Debug|Any CPU
		{687B6340-5C8C-4483-B03D-68559E28E775}.Debug|Any CPU.Build.0 = Debug|Any CPU
		{687B6340-5C8C-4483-B03D-68559E28E775}.Release|Any CPU.ActiveCfg = Release|Any CPU
		{687B6340-5C8C-4483-B03D-68559E28E775}.Release|Any CPU.Build.0 = Release|Any CPU
		{FC80B132-4C85-47B3-8EA9-2979AB30813D}.Debug|Any CPU.ActiveCfg = Debug|Any CPU
		{FC80B132-4C85-47B3-8EA9-2979AB30813D}.Debug|Any CPU.Build.0 = Debug|Any CPU
		{FC80B132-4C85-47B3-8EA9-2979AB30813D}.Release|Any CPU.ActiveCfg = Release|Any CPU
		{FC80B132-4C85-47B3-8EA9-2979AB30813D}.Release|Any CPU.Build.0 = Release|Any CPU
		{727C5A3B-8A97-42DA-89A4-C1630FE972B2}.Debug|Any CPU.ActiveCfg = Debug|Any CPU
		{727C5A3B-8A97-42DA-89A4-C1630FE972B2}.Debug|Any CPU.Build.0 = Debug|Any CPU
		{727C5A3B-8A97-42DA-89A4-C1630FE972B2}.Release|Any CPU.ActiveCfg = Release|Any CPU
		{727C5A3B-8A97-42DA-89A4-C1630FE972B2}.Release|Any CPU.Build.0 = Release|Any CPU
		{693A8AC2-1A60-4265-AD84-612C9318DBC2}.Debug|Any CPU.ActiveCfg = Debug|Any CPU
		{693A8AC2-1A60-4265-AD84-612C9318DBC2}.Debug|Any CPU.Build.0 = Debug|Any CPU
		{693A8AC2-1A60-4265-AD84-612C9318DBC2}.Release|Any CPU.ActiveCfg = Release|Any CPU
		{693A8AC2-1A60-4265-AD84-612C9318DBC2}.Release|Any CPU.Build.0 = Release|Any CPU
		{58F49943-5FDE-4614-9D08-6E9DA4132AB2}.Debug|Any CPU.ActiveCfg = Debug|Any CPU
		{58F49943-5FDE-4614-9D08-6E9DA4132AB2}.Debug|Any CPU.Build.0 = Debug|Any CPU
		{58F49943-5FDE-4614-9D08-6E9DA4132AB2}.Release|Any CPU.ActiveCfg = Release|Any CPU
		{58F49943-5FDE-4614-9D08-6E9DA4132AB2}.Release|Any CPU.Build.0 = Release|Any CPU
		{A47FEB05-4A1B-409F-AABB-1F0F6C564822}.Debug|Any CPU.ActiveCfg = Debug|Any CPU
		{A47FEB05-4A1B-409F-AABB-1F0F6C564822}.Debug|Any CPU.Build.0 = Debug|Any CPU
		{A47FEB05-4A1B-409F-AABB-1F0F6C564822}.Release|Any CPU.ActiveCfg = Release|Any CPU
		{A47FEB05-4A1B-409F-AABB-1F0F6C564822}.Release|Any CPU.Build.0 = Release|Any CPU
		{6C30FF0E-F054-4C93-BBF7-468EFD082B4F}.Debug|Any CPU.ActiveCfg = Debug|Any CPU
		{6C30FF0E-F054-4C93-BBF7-468EFD082B4F}.Debug|Any CPU.Build.0 = Debug|Any CPU
		{6C30FF0E-F054-4C93-BBF7-468EFD082B4F}.Release|Any CPU.ActiveCfg = Release|Any CPU
		{6C30FF0E-F054-4C93-BBF7-468EFD082B4F}.Release|Any CPU.Build.0 = Release|Any CPU
		{F327C42D-E8CF-4C30-B41B-0C0C1B3891BF}.Debug|Any CPU.ActiveCfg = Debug|Any CPU
		{F327C42D-E8CF-4C30-B41B-0C0C1B3891BF}.Debug|Any CPU.Build.0 = Debug|Any CPU
		{F327C42D-E8CF-4C30-B41B-0C0C1B3891BF}.Release|Any CPU.ActiveCfg = Release|Any CPU
		{F327C42D-E8CF-4C30-B41B-0C0C1B3891BF}.Release|Any CPU.Build.0 = Release|Any CPU
		{9D51E585-1E27-4F03-98E7-2953FA106521}.Debug|Any CPU.ActiveCfg = Debug|Any CPU
		{9D51E585-1E27-4F03-98E7-2953FA106521}.Debug|Any CPU.Build.0 = Debug|Any CPU
		{9D51E585-1E27-4F03-98E7-2953FA106521}.Release|Any CPU.ActiveCfg = Release|Any CPU
		{9D51E585-1E27-4F03-98E7-2953FA106521}.Release|Any CPU.Build.0 = Release|Any CPU
		{93311EA1-BD8F-42E5-AEF7-C06C08A4286E}.Debug|Any CPU.ActiveCfg = Debug|Any CPU
		{93311EA1-BD8F-42E5-AEF7-C06C08A4286E}.Debug|Any CPU.Build.0 = Debug|Any CPU
		{93311EA1-BD8F-42E5-AEF7-C06C08A4286E}.Release|Any CPU.ActiveCfg = Release|Any CPU
		{93311EA1-BD8F-42E5-AEF7-C06C08A4286E}.Release|Any CPU.Build.0 = Release|Any CPU
		{C97E4832-1BE6-441F-9C7A-E3A92F7238E2}.Debug|Any CPU.ActiveCfg = Debug|Any CPU
		{C97E4832-1BE6-441F-9C7A-E3A92F7238E2}.Debug|Any CPU.Build.0 = Debug|Any CPU
		{C97E4832-1BE6-441F-9C7A-E3A92F7238E2}.Release|Any CPU.ActiveCfg = Release|Any CPU
		{C97E4832-1BE6-441F-9C7A-E3A92F7238E2}.Release|Any CPU.Build.0 = Release|Any CPU
		{10FFF5CF-0173-4DC6-8CF8-893FC47F21C2}.Debug|Any CPU.ActiveCfg = Debug|Any CPU
		{10FFF5CF-0173-4DC6-8CF8-893FC47F21C2}.Debug|Any CPU.Build.0 = Debug|Any CPU
		{10FFF5CF-0173-4DC6-8CF8-893FC47F21C2}.Release|Any CPU.ActiveCfg = Release|Any CPU
		{10FFF5CF-0173-4DC6-8CF8-893FC47F21C2}.Release|Any CPU.Build.0 = Release|Any CPU
		{966CEA85-BDF3-48F1-B603-8C132B059ADE}.Debug|Any CPU.ActiveCfg = Debug|Any CPU
		{966CEA85-BDF3-48F1-B603-8C132B059ADE}.Debug|Any CPU.Build.0 = Debug|Any CPU
		{966CEA85-BDF3-48F1-B603-8C132B059ADE}.Release|Any CPU.ActiveCfg = Release|Any CPU
		{966CEA85-BDF3-48F1-B603-8C132B059ADE}.Release|Any CPU.Build.0 = Release|Any CPU
		{C0D35E06-DF7C-485D-A15A-167427F0E0B4}.Debug|Any CPU.ActiveCfg = Debug|Any CPU
		{C0D35E06-DF7C-485D-A15A-167427F0E0B4}.Debug|Any CPU.Build.0 = Debug|Any CPU
		{C0D35E06-DF7C-485D-A15A-167427F0E0B4}.Release|Any CPU.ActiveCfg = Release|Any CPU
		{C0D35E06-DF7C-485D-A15A-167427F0E0B4}.Release|Any CPU.Build.0 = Release|Any CPU
		{862FF0CA-03A5-43B6-A1AC-E82658DF6C10}.Debug|Any CPU.ActiveCfg = Debug|Any CPU
		{862FF0CA-03A5-43B6-A1AC-E82658DF6C10}.Debug|Any CPU.Build.0 = Debug|Any CPU
		{862FF0CA-03A5-43B6-A1AC-E82658DF6C10}.Release|Any CPU.ActiveCfg = Release|Any CPU
		{862FF0CA-03A5-43B6-A1AC-E82658DF6C10}.Release|Any CPU.Build.0 = Release|Any CPU
		{9CD2F8D0-3CEC-4468-A437-5BC896C2FF39}.Debug|Any CPU.ActiveCfg = Debug|Any CPU
		{9CD2F8D0-3CEC-4468-A437-5BC896C2FF39}.Debug|Any CPU.Build.0 = Debug|Any CPU
		{9CD2F8D0-3CEC-4468-A437-5BC896C2FF39}.Release|Any CPU.ActiveCfg = Release|Any CPU
		{9CD2F8D0-3CEC-4468-A437-5BC896C2FF39}.Release|Any CPU.Build.0 = Release|Any CPU
		{D4F4BBA5-CFF2-4AA4-B644-D650A21BF288}.Debug|Any CPU.ActiveCfg = Debug|Any CPU
		{D4F4BBA5-CFF2-4AA4-B644-D650A21BF288}.Debug|Any CPU.Build.0 = Debug|Any CPU
		{D4F4BBA5-CFF2-4AA4-B644-D650A21BF288}.Release|Any CPU.ActiveCfg = Release|Any CPU
		{D4F4BBA5-CFF2-4AA4-B644-D650A21BF288}.Release|Any CPU.Build.0 = Release|Any CPU
		{B4CBA012-FC53-44D8-9679-5FD4A211104C}.Debug|Any CPU.ActiveCfg = Debug|Any CPU
		{B4CBA012-FC53-44D8-9679-5FD4A211104C}.Debug|Any CPU.Build.0 = Debug|Any CPU
		{B4CBA012-FC53-44D8-9679-5FD4A211104C}.Release|Any CPU.ActiveCfg = Release|Any CPU
		{B4CBA012-FC53-44D8-9679-5FD4A211104C}.Release|Any CPU.Build.0 = Release|Any CPU
		{D8F46BC5-9EEC-4F70-A710-B546C4983D27}.Debug|Any CPU.ActiveCfg = Debug|Any CPU
		{D8F46BC5-9EEC-4F70-A710-B546C4983D27}.Debug|Any CPU.Build.0 = Debug|Any CPU
		{D8F46BC5-9EEC-4F70-A710-B546C4983D27}.Release|Any CPU.ActiveCfg = Release|Any CPU
		{D8F46BC5-9EEC-4F70-A710-B546C4983D27}.Release|Any CPU.Build.0 = Release|Any CPU
		{43B141B7-C120-4AF2-89C1-3BBC1B905610}.Debug|Any CPU.ActiveCfg = Debug|Any CPU
		{43B141B7-C120-4AF2-89C1-3BBC1B905610}.Debug|Any CPU.Build.0 = Debug|Any CPU
		{43B141B7-C120-4AF2-89C1-3BBC1B905610}.Release|Any CPU.ActiveCfg = Release|Any CPU
		{43B141B7-C120-4AF2-89C1-3BBC1B905610}.Release|Any CPU.Build.0 = Release|Any CPU
	EndGlobalSection
	GlobalSection(SolutionProperties) = preSolution
		HideSolutionNode = FALSE
	EndGlobalSection
	GlobalSection(NestedProjects) = preSolution
		{5DAB6C76-48ED-4644-B149-A8614B6F2ACD} = {5217A9DC-F67A-4014-898C-39D763B34FDF}
		{86F38320-EAE1-4FEF-9D3A-38F9E16816D4} = {5217A9DC-F67A-4014-898C-39D763B34FDF}
		{C813D19E-9A61-4973-A3EE-7D1D0B5A20D9} = {5217A9DC-F67A-4014-898C-39D763B34FDF}
		{D6978AAA-EA69-4974-9AFE-98F16D2494B9} = {6EA4602C-A655-4975-947B-39FEBACF8232}
		{115C69CC-E775-4C23-AF94-A42E423E3D60} = {6EA4602C-A655-4975-947B-39FEBACF8232}
		{3F10F703-ACDD-4956-8FDD-546911377AE0} = {6EA4602C-A655-4975-947B-39FEBACF8232}
		{07BC71B8-608B-45D8-9C06-92D9E6168060} = {480178D8-3DB4-444A-A352-FE95D15377DF}
		{519BC30E-DDCC-430C-9881-7399ACE35766} = {480178D8-3DB4-444A-A352-FE95D15377DF}
		{899FFC55-901D-4AAF-9D4A-1EE61A20065B} = {480178D8-3DB4-444A-A352-FE95D15377DF}
		{B1B4DD1A-2BC5-4D9C-AC41-565085FE702A} = {F627DAF4-01DA-4826-862C-93F1BC50780E}
		{3A5F0D12-D5AF-4DAB-9847-A853E4C5A8D1} = {F627DAF4-01DA-4826-862C-93F1BC50780E}
		{8EE1C84E-636B-4396-B9F8-B2B3BEE7BC9B} = {F627DAF4-01DA-4826-862C-93F1BC50780E}
		{51D2CDE2-EB49-4EE3-8115-A14873412F7F} = {A02A55D3-F467-4EE0-B335-65D33260D894}
		{9ADC9416-2678-478E-956D-4DBD62AB2E1C} = {5DAB6C76-48ED-4644-B149-A8614B6F2ACD}
		{687B6340-5C8C-4483-B03D-68559E28E775} = {5DAB6C76-48ED-4644-B149-A8614B6F2ACD}
		{FC80B132-4C85-47B3-8EA9-2979AB30813D} = {C813D19E-9A61-4973-A3EE-7D1D0B5A20D9}
		{727C5A3B-8A97-42DA-89A4-C1630FE972B2} = {C813D19E-9A61-4973-A3EE-7D1D0B5A20D9}
		{693A8AC2-1A60-4265-AD84-612C9318DBC2} = {86F38320-EAE1-4FEF-9D3A-38F9E16816D4}
		{58F49943-5FDE-4614-9D08-6E9DA4132AB2} = {86F38320-EAE1-4FEF-9D3A-38F9E16816D4}
		{A47FEB05-4A1B-409F-AABB-1F0F6C564822} = {D6978AAA-EA69-4974-9AFE-98F16D2494B9}
		{6C30FF0E-F054-4C93-BBF7-468EFD082B4F} = {3F10F703-ACDD-4956-8FDD-546911377AE0}
		{F327C42D-E8CF-4C30-B41B-0C0C1B3891BF} = {115C69CC-E775-4C23-AF94-A42E423E3D60}
		{9D51E585-1E27-4F03-98E7-2953FA106521} = {07BC71B8-608B-45D8-9C06-92D9E6168060}
		{93311EA1-BD8F-42E5-AEF7-C06C08A4286E} = {899FFC55-901D-4AAF-9D4A-1EE61A20065B}
		{C97E4832-1BE6-441F-9C7A-E3A92F7238E2} = {519BC30E-DDCC-430C-9881-7399ACE35766}
		{10FFF5CF-0173-4DC6-8CF8-893FC47F21C2} = {B1B4DD1A-2BC5-4D9C-AC41-565085FE702A}
		{966CEA85-BDF3-48F1-B603-8C132B059ADE} = {3A5F0D12-D5AF-4DAB-9847-A853E4C5A8D1}
		{C0D35E06-DF7C-485D-A15A-167427F0E0B4} = {8EE1C84E-636B-4396-B9F8-B2B3BEE7BC9B}
		{862FF0CA-03A5-43B6-A1AC-E82658DF6C10} = {6EA4602C-A655-4975-947B-39FEBACF8232}
		{01CB83F0-6FDB-4816-AE79-26FF613A9EF9} = {5217A9DC-F67A-4014-898C-39D763B34FDF}
		{2A7E07A4-3AAC-4679-8F7E-EF72A4DEEEEF} = {6EA4602C-A655-4975-947B-39FEBACF8232}
		{7FE9FDB9-D4D0-445E-8890-90EF07714566} = {480178D8-3DB4-444A-A352-FE95D15377DF}
		{5C68C884-CB94-499B-AB9F-59C7DABC0343} = {F627DAF4-01DA-4826-862C-93F1BC50780E}
		{9CD2F8D0-3CEC-4468-A437-5BC896C2FF39} = {01CB83F0-6FDB-4816-AE79-26FF613A9EF9}
		{D4F4BBA5-CFF2-4AA4-B644-D650A21BF288} = {01CB83F0-6FDB-4816-AE79-26FF613A9EF9}
		{B4CBA012-FC53-44D8-9679-5FD4A211104C} = {2A7E07A4-3AAC-4679-8F7E-EF72A4DEEEEF}
		{D8F46BC5-9EEC-4F70-A710-B546C4983D27} = {7FE9FDB9-D4D0-445E-8890-90EF07714566}
		{43B141B7-C120-4AF2-89C1-3BBC1B905610} = {5C68C884-CB94-499B-AB9F-59C7DABC0343}
	EndGlobalSection
	GlobalSection(ExtensibilityGlobals) = postSolution
		SolutionGuid = {96F28568-D4C6-4501-8392-61E1F5A09D00}
	EndGlobalSection
EndGlobal
